// !$*UTF8*$!
{
	archiveVersion = 1;
	classes = {
	};
	objectVersion = 56;
	objects = {

/* Begin PBXBuildFile section */
		0168FD112C4E38FB00C17313 /* SnapKit in Frameworks */ = {isa = PBXBuildFile; productRef = 0168FD102C4E38FB00C17313 /* SnapKit */; };
		0168FD132C4E3D1600C17313 /* NicknameSettingViewController.swift in Sources */ = {isa = PBXBuildFile; fileRef = 0168FD122C4E3D1600C17313 /* NicknameSettingViewController.swift */; };
		0168FD152C4E3EC400C17313 /* String+.swift in Sources */ = {isa = PBXBuildFile; fileRef = 0168FD142C4E3EC400C17313 /* String+.swift */; };
		0168FD172C4E3EF000C17313 /* NicknameValidationResult.swift in Sources */ = {isa = PBXBuildFile; fileRef = 0168FD162C4E3EF000C17313 /* NicknameValidationResult.swift */; };
		0168FD192C4E3F1900C17313 /* StringLiterals.swift in Sources */ = {isa = PBXBuildFile; fileRef = 0168FD182C4E3F1900C17313 /* StringLiterals.swift */; };
		0168FD1B2C4E3F6A00C17313 /* MPColors.swift in Sources */ = {isa = PBXBuildFile; fileRef = 0168FD1A2C4E3F6A00C17313 /* MPColors.swift */; };
		0168FD1D2C4E3F8700C17313 /* UIColor+HexCode.swift in Sources */ = {isa = PBXBuildFile; fileRef = 0168FD1C2C4E3F8700C17313 /* UIColor+HexCode.swift */; };
		0168FD232C4E442600C17313 /* UserDefaultsKey.swift in Sources */ = {isa = PBXBuildFile; fileRef = 0168FD222C4E442600C17313 /* UserDefaultsKey.swift */; };
		0168FD252C4E447500C17313 /* ProfileImageSettingViewController.swift in Sources */ = {isa = PBXBuildFile; fileRef = 0168FD242C4E447500C17313 /* ProfileImageSettingViewController.swift */; };
		0168FD272C4E450A00C17313 /* UICollectionViewCell+.swift in Sources */ = {isa = PBXBuildFile; fileRef = 0168FD262C4E450A00C17313 /* UICollectionViewCell+.swift */; };
		0168FD2A2C4E4FBA00C17313 /* TabBarViewController.swift in Sources */ = {isa = PBXBuildFile; fileRef = 0168FD292C4E4FBA00C17313 /* TabBarViewController.swift */; };
		0168FD2F2C4E506500C17313 /* MainViewController.swift in Sources */ = {isa = PBXBuildFile; fileRef = 0168FD2E2C4E506500C17313 /* MainViewController.swift */; };
		0168FD312C4E507600C17313 /* SearchViewController.swift in Sources */ = {isa = PBXBuildFile; fileRef = 0168FD302C4E507600C17313 /* SearchViewController.swift */; };
		0168FD332C4E508B00C17313 /* FavoriteViewController.swift in Sources */ = {isa = PBXBuildFile; fileRef = 0168FD322C4E508B00C17313 /* FavoriteViewController.swift */; };
		0168FD372C4E5EAA00C17313 /* BaseView.swift in Sources */ = {isa = PBXBuildFile; fileRef = 0168FD362C4E5EAA00C17313 /* BaseView.swift */; };
		0168FD392C4E5FBA00C17313 /* MBTIView.swift in Sources */ = {isa = PBXBuildFile; fileRef = 0168FD382C4E5FBA00C17313 /* MBTIView.swift */; };
		0168FD6B2C4FC41700C17313 /* Observable.swift in Sources */ = {isa = PBXBuildFile; fileRef = 0168FD6A2C4FC41700C17313 /* Observable.swift */; };
		0168FD6D2C4FC6AB00C17313 /* NicknameSettingViewModel.swift in Sources */ = {isa = PBXBuildFile; fileRef = 0168FD6C2C4FC6AB00C17313 /* NicknameSettingViewModel.swift */; };
		0168FD6F2C4FDABA00C17313 /* UIView+.swift in Sources */ = {isa = PBXBuildFile; fileRef = 0168FD6E2C4FDABA00C17313 /* UIView+.swift */; };
		0168FD952C5106D400C17313 /* APIKey.swift in Sources */ = {isa = PBXBuildFile; fileRef = 0168FD942C5106D400C17313 /* APIKey.swift */; };
		0168FD9C2C510D2700C17313 /* Alamofire in Frameworks */ = {isa = PBXBuildFile; productRef = 0168FD9B2C510D2700C17313 /* Alamofire */; };
		0168FD9F2C510D3000C17313 /* Kingfisher in Frameworks */ = {isa = PBXBuildFile; productRef = 0168FD9E2C510D3000C17313 /* Kingfisher */; };
		0168FDA52C511FF000C17313 /* Photo.swift in Sources */ = {isa = PBXBuildFile; fileRef = 0168FDA42C511FF000C17313 /* Photo.swift */; };
		0168FDA72C51202B00C17313 /* UnsplashAPIManager.swift in Sources */ = {isa = PBXBuildFile; fileRef = 0168FDA62C51202B00C17313 /* UnsplashAPIManager.swift */; };
		0168FDA92C51206B00C17313 /* PhotoCollectionViewCell.swift in Sources */ = {isa = PBXBuildFile; fileRef = 0168FDA82C51206B00C17313 /* PhotoCollectionViewCell.swift */; };
		0168FDAE2C515B6300C17313 /* BaseCollectionViewCell.swift in Sources */ = {isa = PBXBuildFile; fileRef = 0168FDAD2C515B6300C17313 /* BaseCollectionViewCell.swift */; };
		0168FDC82C524A3900C17313 /* SearchPhotoCell.swift in Sources */ = {isa = PBXBuildFile; fileRef = 0168FDC72C524A3900C17313 /* SearchPhotoCell.swift */; };
		0168FDCA2C524CAE00C17313 /* FilteredHeaderView.swift in Sources */ = {isa = PBXBuildFile; fileRef = 0168FDC92C524CAE00C17313 /* FilteredHeaderView.swift */; };
		0168FDCC2C5269B100C17313 /* SearchPhoto.swift in Sources */ = {isa = PBXBuildFile; fileRef = 0168FDCB2C5269B100C17313 /* SearchPhoto.swift */; };
		0168FDD02C52961B00C17313 /* RealmSwift in Frameworks */ = {isa = PBXBuildFile; productRef = 0168FDCF2C52961B00C17313 /* RealmSwift */; };
		0168FDD22C52962900C17313 /* RealmManager.swift in Sources */ = {isa = PBXBuildFile; fileRef = 0168FDD12C52962900C17313 /* RealmManager.swift */; };
		0168FDD42C52964E00C17313 /* FavoritePhotoTable.swift in Sources */ = {isa = PBXBuildFile; fileRef = 0168FDD32C52964E00C17313 /* FavoritePhotoTable.swift */; };
		0168FDD62C529E3300C17313 /* FavoritePhotoCell.swift in Sources */ = {isa = PBXBuildFile; fileRef = 0168FDD52C529E3300C17313 /* FavoritePhotoCell.swift */; };
		01FF38532C4E2EE4004F5F3A /* AppDelegate.swift in Sources */ = {isa = PBXBuildFile; fileRef = 01FF38522C4E2EE4004F5F3A /* AppDelegate.swift */; };
		01FF38552C4E2EE4004F5F3A /* SceneDelegate.swift in Sources */ = {isa = PBXBuildFile; fileRef = 01FF38542C4E2EE4004F5F3A /* SceneDelegate.swift */; };
		01FF385C2C4E2EE6004F5F3A /* Assets.xcassets in Resources */ = {isa = PBXBuildFile; fileRef = 01FF385B2C4E2EE6004F5F3A /* Assets.xcassets */; };
		01FF385F2C4E2EE6004F5F3A /* Base in Resources */ = {isa = PBXBuildFile; fileRef = 01FF385E2C4E2EE6004F5F3A /* Base */; };
		01FF38672C4E2FE3004F5F3A /* OnboardingViewController.swift in Sources */ = {isa = PBXBuildFile; fileRef = 01FF38662C4E2FE3004F5F3A /* OnboardingViewController.swift */; };
		01FF38692C4E2FF9004F5F3A /* BaseViewController.swift in Sources */ = {isa = PBXBuildFile; fileRef = 01FF38682C4E2FF9004F5F3A /* BaseViewController.swift */; };
		01FF386B2C4E306B004F5F3A /* .gitignore in Resources */ = {isa = PBXBuildFile; fileRef = 01FF386A2C4E306B004F5F3A /* .gitignore */; };
/* End PBXBuildFile section */

/* Begin PBXFileReference section */
		0168FD122C4E3D1600C17313 /* NicknameSettingViewController.swift */ = {isa = PBXFileReference; lastKnownFileType = sourcecode.swift; path = NicknameSettingViewController.swift; sourceTree = "<group>"; };
		0168FD142C4E3EC400C17313 /* String+.swift */ = {isa = PBXFileReference; lastKnownFileType = sourcecode.swift; path = "String+.swift"; sourceTree = "<group>"; };
		0168FD162C4E3EF000C17313 /* NicknameValidationResult.swift */ = {isa = PBXFileReference; lastKnownFileType = sourcecode.swift; path = NicknameValidationResult.swift; sourceTree = "<group>"; };
		0168FD182C4E3F1900C17313 /* StringLiterals.swift */ = {isa = PBXFileReference; lastKnownFileType = sourcecode.swift; path = StringLiterals.swift; sourceTree = "<group>"; };
		0168FD1A2C4E3F6A00C17313 /* MPColors.swift */ = {isa = PBXFileReference; lastKnownFileType = sourcecode.swift; path = MPColors.swift; sourceTree = "<group>"; };
		0168FD1C2C4E3F8700C17313 /* UIColor+HexCode.swift */ = {isa = PBXFileReference; lastKnownFileType = sourcecode.swift; path = "UIColor+HexCode.swift"; sourceTree = "<group>"; };
		0168FD222C4E442600C17313 /* UserDefaultsKey.swift */ = {isa = PBXFileReference; lastKnownFileType = sourcecode.swift; path = UserDefaultsKey.swift; sourceTree = "<group>"; };
		0168FD242C4E447500C17313 /* ProfileImageSettingViewController.swift */ = {isa = PBXFileReference; lastKnownFileType = sourcecode.swift; path = ProfileImageSettingViewController.swift; sourceTree = "<group>"; };
		0168FD262C4E450A00C17313 /* UICollectionViewCell+.swift */ = {isa = PBXFileReference; lastKnownFileType = sourcecode.swift; path = "UICollectionViewCell+.swift"; sourceTree = "<group>"; };
		0168FD292C4E4FBA00C17313 /* TabBarViewController.swift */ = {isa = PBXFileReference; lastKnownFileType = sourcecode.swift; path = TabBarViewController.swift; sourceTree = "<group>"; };
		0168FD2E2C4E506500C17313 /* MainViewController.swift */ = {isa = PBXFileReference; lastKnownFileType = sourcecode.swift; path = MainViewController.swift; sourceTree = "<group>"; };
		0168FD302C4E507600C17313 /* SearchViewController.swift */ = {isa = PBXFileReference; lastKnownFileType = sourcecode.swift; path = SearchViewController.swift; sourceTree = "<group>"; };
		0168FD322C4E508B00C17313 /* FavoriteViewController.swift */ = {isa = PBXFileReference; lastKnownFileType = sourcecode.swift; path = FavoriteViewController.swift; sourceTree = "<group>"; };
		0168FD362C4E5EAA00C17313 /* BaseView.swift */ = {isa = PBXFileReference; lastKnownFileType = sourcecode.swift; path = BaseView.swift; sourceTree = "<group>"; };
		0168FD382C4E5FBA00C17313 /* MBTIView.swift */ = {isa = PBXFileReference; lastKnownFileType = sourcecode.swift; path = MBTIView.swift; sourceTree = "<group>"; };
		0168FD6A2C4FC41700C17313 /* Observable.swift */ = {isa = PBXFileReference; lastKnownFileType = sourcecode.swift; path = Observable.swift; sourceTree = "<group>"; };
		0168FD6C2C4FC6AB00C17313 /* NicknameSettingViewModel.swift */ = {isa = PBXFileReference; lastKnownFileType = sourcecode.swift; path = NicknameSettingViewModel.swift; sourceTree = "<group>"; };
		0168FD6E2C4FDABA00C17313 /* UIView+.swift */ = {isa = PBXFileReference; lastKnownFileType = sourcecode.swift; path = "UIView+.swift"; sourceTree = "<group>"; };
		0168FD942C5106D400C17313 /* APIKey.swift */ = {isa = PBXFileReference; lastKnownFileType = sourcecode.swift; path = APIKey.swift; sourceTree = "<group>"; };
		0168FDA42C511FF000C17313 /* Photo.swift */ = {isa = PBXFileReference; lastKnownFileType = sourcecode.swift; path = Photo.swift; sourceTree = "<group>"; };
		0168FDA62C51202B00C17313 /* UnsplashAPIManager.swift */ = {isa = PBXFileReference; lastKnownFileType = sourcecode.swift; path = UnsplashAPIManager.swift; sourceTree = "<group>"; };
		0168FDA82C51206B00C17313 /* PhotoCollectionViewCell.swift */ = {isa = PBXFileReference; lastKnownFileType = sourcecode.swift; path = PhotoCollectionViewCell.swift; sourceTree = "<group>"; };
		0168FDAD2C515B6300C17313 /* BaseCollectionViewCell.swift */ = {isa = PBXFileReference; lastKnownFileType = sourcecode.swift; path = BaseCollectionViewCell.swift; sourceTree = "<group>"; };
		0168FDC72C524A3900C17313 /* SearchPhotoCell.swift */ = {isa = PBXFileReference; lastKnownFileType = sourcecode.swift; path = SearchPhotoCell.swift; sourceTree = "<group>"; };
		0168FDC92C524CAE00C17313 /* FilteredHeaderView.swift */ = {isa = PBXFileReference; lastKnownFileType = sourcecode.swift; path = FilteredHeaderView.swift; sourceTree = "<group>"; };
		0168FDCB2C5269B100C17313 /* SearchPhoto.swift */ = {isa = PBXFileReference; lastKnownFileType = sourcecode.swift; path = SearchPhoto.swift; sourceTree = "<group>"; };
		0168FDD12C52962900C17313 /* RealmManager.swift */ = {isa = PBXFileReference; lastKnownFileType = sourcecode.swift; path = RealmManager.swift; sourceTree = "<group>"; };
		0168FDD32C52964E00C17313 /* FavoritePhotoTable.swift */ = {isa = PBXFileReference; lastKnownFileType = sourcecode.swift; path = FavoritePhotoTable.swift; sourceTree = "<group>"; };
		0168FDD52C529E3300C17313 /* FavoritePhotoCell.swift */ = {isa = PBXFileReference; lastKnownFileType = sourcecode.swift; path = FavoritePhotoCell.swift; sourceTree = "<group>"; };
		01FF384F2C4E2EE4004F5F3A /* MyPolaroid.app */ = {isa = PBXFileReference; explicitFileType = wrapper.application; includeInIndex = 0; path = MyPolaroid.app; sourceTree = BUILT_PRODUCTS_DIR; };
		01FF38522C4E2EE4004F5F3A /* AppDelegate.swift */ = {isa = PBXFileReference; lastKnownFileType = sourcecode.swift; path = AppDelegate.swift; sourceTree = "<group>"; };
		01FF38542C4E2EE4004F5F3A /* SceneDelegate.swift */ = {isa = PBXFileReference; lastKnownFileType = sourcecode.swift; path = SceneDelegate.swift; sourceTree = "<group>"; };
		01FF385B2C4E2EE6004F5F3A /* Assets.xcassets */ = {isa = PBXFileReference; lastKnownFileType = folder.assetcatalog; path = Assets.xcassets; sourceTree = "<group>"; };
		01FF385E2C4E2EE6004F5F3A /* Base */ = {isa = PBXFileReference; lastKnownFileType = file.storyboard; name = Base; path = Base.lproj/LaunchScreen.storyboard; sourceTree = "<group>"; };
		01FF38602C4E2EE6004F5F3A /* Info.plist */ = {isa = PBXFileReference; lastKnownFileType = text.plist.xml; path = Info.plist; sourceTree = "<group>"; };
		01FF38662C4E2FE3004F5F3A /* OnboardingViewController.swift */ = {isa = PBXFileReference; lastKnownFileType = sourcecode.swift; path = OnboardingViewController.swift; sourceTree = "<group>"; };
		01FF38682C4E2FF9004F5F3A /* BaseViewController.swift */ = {isa = PBXFileReference; lastKnownFileType = sourcecode.swift; path = BaseViewController.swift; sourceTree = "<group>"; };
		01FF386A2C4E306B004F5F3A /* .gitignore */ = {isa = PBXFileReference; lastKnownFileType = text; path = .gitignore; sourceTree = "<group>"; };
/* End PBXFileReference section */

/* Begin PBXFrameworksBuildPhase section */
		01FF384C2C4E2EE4004F5F3A /* Frameworks */ = {
			isa = PBXFrameworksBuildPhase;
			buildActionMask = 2147483647;
			files = (
				0168FDD02C52961B00C17313 /* RealmSwift in Frameworks */,
				0168FD9F2C510D3000C17313 /* Kingfisher in Frameworks */,
				0168FD112C4E38FB00C17313 /* SnapKit in Frameworks */,
				0168FD9C2C510D2700C17313 /* Alamofire in Frameworks */,
			);
			runOnlyForDeploymentPostprocessing = 0;
		};
/* End PBXFrameworksBuildPhase section */

/* Begin PBXGroup section */
		0168FD1E2C4E3FE300C17313 /* Onboarding */ = {
			isa = PBXGroup;
			children = (
				01FF38662C4E2FE3004F5F3A /* OnboardingViewController.swift */,
				0168FD122C4E3D1600C17313 /* NicknameSettingViewController.swift */,
				0168FD6C2C4FC6AB00C17313 /* NicknameSettingViewModel.swift */,
				0168FD242C4E447500C17313 /* ProfileImageSettingViewController.swift */,
				0168FD382C4E5FBA00C17313 /* MBTIView.swift */,
			);
			path = Onboarding;
			sourceTree = "<group>";
		};
		0168FD1F2C4E3FF500C17313 /* Base */ = {
			isa = PBXGroup;
			children = (
				01FF38682C4E2FF9004F5F3A /* BaseViewController.swift */,
				0168FD362C4E5EAA00C17313 /* BaseView.swift */,
				0168FDAD2C515B6300C17313 /* BaseCollectionViewCell.swift */,
			);
			path = Base;
			sourceTree = "<group>";
		};
		0168FD202C4E400400C17313 /* Extension */ = {
			isa = PBXGroup;
			children = (
				0168FD142C4E3EC400C17313 /* String+.swift */,
				0168FD1C2C4E3F8700C17313 /* UIColor+HexCode.swift */,
				0168FD262C4E450A00C17313 /* UICollectionViewCell+.swift */,
				0168FD6E2C4FDABA00C17313 /* UIView+.swift */,
			);
			path = Extension;
			sourceTree = "<group>";
		};
		0168FD282C4E46C700C17313 /* Application */ = {
			isa = PBXGroup;
			children = (
				01FF38522C4E2EE4004F5F3A /* AppDelegate.swift */,
				01FF38542C4E2EE4004F5F3A /* SceneDelegate.swift */,
			);
			path = Application;
			sourceTree = "<group>";
		};
		0168FD2B2C4E500600C17313 /* Main */ = {
			isa = PBXGroup;
			children = (
				0168FD2E2C4E506500C17313 /* MainViewController.swift */,
				0168FDA82C51206B00C17313 /* PhotoCollectionViewCell.swift */,
				0168FDA42C511FF000C17313 /* Photo.swift */,
			);
			path = Main;
			sourceTree = "<group>";
		};
		0168FD2C2C4E500D00C17313 /* Search */ = {
			isa = PBXGroup;
			children = (
				0168FD302C4E507600C17313 /* SearchViewController.swift */,
				0168FDC92C524CAE00C17313 /* FilteredHeaderView.swift */,
				0168FDC72C524A3900C17313 /* SearchPhotoCell.swift */,
				0168FDCB2C5269B100C17313 /* SearchPhoto.swift */,
			);
			path = Search;
			sourceTree = "<group>";
		};
		0168FD2D2C4E504B00C17313 /* Favorite */ = {
			isa = PBXGroup;
			children = (
				0168FD322C4E508B00C17313 /* FavoriteViewController.swift */,
				0168FDD52C529E3300C17313 /* FavoritePhotoCell.swift */,
			);
			path = Favorite;
			sourceTree = "<group>";
		};
		0168FD342C4E556500C17313 /* TabBar */ = {
			isa = PBXGroup;
			children = (
				0168FD292C4E4FBA00C17313 /* TabBarViewController.swift */,
			);
			path = TabBar;
			sourceTree = "<group>";
		};
		0168FD352C4E5CE500C17313 /* Presentation */ = {
			isa = PBXGroup;
			children = (
				0168FD1F2C4E3FF500C17313 /* Base */,
				0168FD1E2C4E3FE300C17313 /* Onboarding */,
				0168FD2B2C4E500600C17313 /* Main */,
				0168FD2C2C4E500D00C17313 /* Search */,
				0168FD2D2C4E504B00C17313 /* Favorite */,
				0168FD342C4E556500C17313 /* TabBar */,
			);
			path = Presentation;
			sourceTree = "<group>";
		};
		0168FD692C4FC40600C17313 /* Util */ = {
			isa = PBXGroup;
			children = (
				0168FD6A2C4FC41700C17313 /* Observable.swift */,
				0168FD182C4E3F1900C17313 /* StringLiterals.swift */,
				0168FD1A2C4E3F6A00C17313 /* MPColors.swift */,
				0168FD162C4E3EF000C17313 /* NicknameValidationResult.swift */,
				0168FD222C4E442600C17313 /* UserDefaultsKey.swift */,
			);
			path = Util;
			sourceTree = "<group>";
		};
		0168FD702C5000EB00C17313 /* Resources */ = {
			isa = PBXGroup;
			children = (
				01FF385D2C4E2EE6004F5F3A /* LaunchScreen.storyboard */,
				01FF385B2C4E2EE6004F5F3A /* Assets.xcassets */,
				0168FD202C4E400400C17313 /* Extension */,
			);
			path = Resources;
			sourceTree = "<group>";
		};
		0168FD712C5000F900C17313 /* Sources */ = {
			isa = PBXGroup;
			children = (
				0168FDCD2C52957D00C17313 /* Realm */,
				0168FDAC2C512C3700C17313 /* Network */,
				0168FD282C4E46C700C17313 /* Application */,
				0168FD692C4FC40600C17313 /* Util */,
				0168FD352C4E5CE500C17313 /* Presentation */,
			);
			path = Sources;
			sourceTree = "<group>";
		};
		0168FDAC2C512C3700C17313 /* Network */ = {
			isa = PBXGroup;
			children = (
				0168FDA62C51202B00C17313 /* UnsplashAPIManager.swift */,
				0168FD942C5106D400C17313 /* APIKey.swift */,
			);
			path = Network;
			sourceTree = "<group>";
		};
		0168FDCD2C52957D00C17313 /* Realm */ = {
			isa = PBXGroup;
			children = (
				0168FDD12C52962900C17313 /* RealmManager.swift */,
				0168FDD32C52964E00C17313 /* FavoritePhotoTable.swift */,
			);
			path = Realm;
			sourceTree = "<group>";
		};
		01FF38462C4E2EE4004F5F3A = {
			isa = PBXGroup;
			children = (
				01FF386A2C4E306B004F5F3A /* .gitignore */,
				01FF38512C4E2EE4004F5F3A /* MyPolaroid */,
				01FF38502C4E2EE4004F5F3A /* Products */,
			);
			sourceTree = "<group>";
		};
		01FF38502C4E2EE4004F5F3A /* Products */ = {
			isa = PBXGroup;
			children = (
				01FF384F2C4E2EE4004F5F3A /* MyPolaroid.app */,
			);
			name = Products;
			sourceTree = "<group>";
		};
		01FF38512C4E2EE4004F5F3A /* MyPolaroid */ = {
			isa = PBXGroup;
			children = (
				0168FD702C5000EB00C17313 /* Resources */,
				0168FD712C5000F900C17313 /* Sources */,
				01FF38602C4E2EE6004F5F3A /* Info.plist */,
			);
			path = MyPolaroid;
			sourceTree = "<group>";
		};
/* End PBXGroup section */

/* Begin PBXNativeTarget section */
		01FF384E2C4E2EE4004F5F3A /* MyPolaroid */ = {
			isa = PBXNativeTarget;
			buildConfigurationList = 01FF38632C4E2EE6004F5F3A /* Build configuration list for PBXNativeTarget "MyPolaroid" */;
			buildPhases = (
				01FF384B2C4E2EE4004F5F3A /* Sources */,
				01FF384C2C4E2EE4004F5F3A /* Frameworks */,
				01FF384D2C4E2EE4004F5F3A /* Resources */,
			);
			buildRules = (
			);
			dependencies = (
			);
			name = MyPolaroid;
			packageProductDependencies = (
				0168FD102C4E38FB00C17313 /* SnapKit */,
				0168FD9B2C510D2700C17313 /* Alamofire */,
				0168FD9E2C510D3000C17313 /* Kingfisher */,
				0168FDCF2C52961B00C17313 /* RealmSwift */,
			);
			productName = MyPolaroid;
			productReference = 01FF384F2C4E2EE4004F5F3A /* MyPolaroid.app */;
			productType = "com.apple.product-type.application";
		};
/* End PBXNativeTarget section */

/* Begin PBXProject section */
		01FF38472C4E2EE4004F5F3A /* Project object */ = {
			isa = PBXProject;
			attributes = {
				BuildIndependentTargetsInParallel = 1;
				LastSwiftUpdateCheck = 1530;
				LastUpgradeCheck = 1530;
				TargetAttributes = {
					01FF384E2C4E2EE4004F5F3A = {
						CreatedOnToolsVersion = 15.3;
					};
				};
			};
			buildConfigurationList = 01FF384A2C4E2EE4004F5F3A /* Build configuration list for PBXProject "MyPolaroid" */;
			compatibilityVersion = "Xcode 14.0";
			developmentRegion = en;
			hasScannedForEncodings = 0;
			knownRegions = (
				en,
				Base,
			);
			mainGroup = 01FF38462C4E2EE4004F5F3A;
			packageReferences = (
				0168FD0F2C4E38FB00C17313 /* XCRemoteSwiftPackageReference "SnapKit" */,
				0168FD9A2C510D2700C17313 /* XCRemoteSwiftPackageReference "Alamofire" */,
				0168FD9D2C510D3000C17313 /* XCRemoteSwiftPackageReference "Kingfisher" */,
				0168FDCE2C52961B00C17313 /* XCRemoteSwiftPackageReference "realm-swift" */,
			);
			productRefGroup = 01FF38502C4E2EE4004F5F3A /* Products */;
			projectDirPath = "";
			projectRoot = "";
			targets = (
				01FF384E2C4E2EE4004F5F3A /* MyPolaroid */,
			);
		};
/* End PBXProject section */

/* Begin PBXResourcesBuildPhase section */
		01FF384D2C4E2EE4004F5F3A /* Resources */ = {
			isa = PBXResourcesBuildPhase;
			buildActionMask = 2147483647;
			files = (
				01FF385C2C4E2EE6004F5F3A /* Assets.xcassets in Resources */,
				01FF386B2C4E306B004F5F3A /* .gitignore in Resources */,
				01FF385F2C4E2EE6004F5F3A /* Base in Resources */,
			);
			runOnlyForDeploymentPostprocessing = 0;
		};
/* End PBXResourcesBuildPhase section */

/* Begin PBXSourcesBuildPhase section */
		01FF384B2C4E2EE4004F5F3A /* Sources */ = {
			isa = PBXSourcesBuildPhase;
			buildActionMask = 2147483647;
			files = (
				0168FDA52C511FF000C17313 /* Photo.swift in Sources */,
				0168FDD62C529E3300C17313 /* FavoritePhotoCell.swift in Sources */,
				01FF38532C4E2EE4004F5F3A /* AppDelegate.swift in Sources */,
				01FF38692C4E2FF9004F5F3A /* BaseViewController.swift in Sources */,
				0168FD952C5106D400C17313 /* APIKey.swift in Sources */,
				0168FD6D2C4FC6AB00C17313 /* NicknameSettingViewModel.swift in Sources */,
				0168FDD42C52964E00C17313 /* FavoritePhotoTable.swift in Sources */,
				0168FD132C4E3D1600C17313 /* NicknameSettingViewController.swift in Sources */,
				01FF38672C4E2FE3004F5F3A /* OnboardingViewController.swift in Sources */,
				0168FD2A2C4E4FBA00C17313 /* TabBarViewController.swift in Sources */,
				0168FD152C4E3EC400C17313 /* String+.swift in Sources */,
				01FF38552C4E2EE4004F5F3A /* SceneDelegate.swift in Sources */,
				0168FDCC2C5269B100C17313 /* SearchPhoto.swift in Sources */,
				0168FDA92C51206B00C17313 /* PhotoCollectionViewCell.swift in Sources */,
				0168FDAE2C515B6300C17313 /* BaseCollectionViewCell.swift in Sources */,
				0168FD6F2C4FDABA00C17313 /* UIView+.swift in Sources */,
				0168FDA72C51202B00C17313 /* UnsplashAPIManager.swift in Sources */,
				0168FD192C4E3F1900C17313 /* StringLiterals.swift in Sources */,
				0168FD392C4E5FBA00C17313 /* MBTIView.swift in Sources */,
				0168FD252C4E447500C17313 /* ProfileImageSettingViewController.swift in Sources */,
				0168FD2F2C4E506500C17313 /* MainViewController.swift in Sources */,
				0168FD312C4E507600C17313 /* SearchViewController.swift in Sources */,
				0168FD172C4E3EF000C17313 /* NicknameValidationResult.swift in Sources */,
				0168FDC82C524A3900C17313 /* SearchPhotoCell.swift in Sources */,
				0168FD332C4E508B00C17313 /* FavoriteViewController.swift in Sources */,
				0168FD272C4E450A00C17313 /* UICollectionViewCell+.swift in Sources */,
				0168FD1D2C4E3F8700C17313 /* UIColor+HexCode.swift in Sources */,
				0168FDD22C52962900C17313 /* RealmManager.swift in Sources */,
				0168FD6B2C4FC41700C17313 /* Observable.swift in Sources */,
				0168FDCA2C524CAE00C17313 /* FilteredHeaderView.swift in Sources */,
				0168FD372C4E5EAA00C17313 /* BaseView.swift in Sources */,
				0168FD1B2C4E3F6A00C17313 /* MPColors.swift in Sources */,
				0168FD232C4E442600C17313 /* UserDefaultsKey.swift in Sources */,
			);
			runOnlyForDeploymentPostprocessing = 0;
		};
/* End PBXSourcesBuildPhase section */

/* Begin PBXVariantGroup section */
		01FF385D2C4E2EE6004F5F3A /* LaunchScreen.storyboard */ = {
			isa = PBXVariantGroup;
			children = (
				01FF385E2C4E2EE6004F5F3A /* Base */,
			);
			name = LaunchScreen.storyboard;
			sourceTree = "<group>";
		};
/* End PBXVariantGroup section */

/* Begin XCBuildConfiguration section */
		01FF38612C4E2EE6004F5F3A /* Debug */ = {
			isa = XCBuildConfiguration;
			buildSettings = {
				ALWAYS_SEARCH_USER_PATHS = NO;
				ASSETCATALOG_COMPILER_GENERATE_SWIFT_ASSET_SYMBOL_EXTENSIONS = YES;
				CLANG_ANALYZER_NONNULL = YES;
				CLANG_ANALYZER_NUMBER_OBJECT_CONVERSION = YES_AGGRESSIVE;
				CLANG_CXX_LANGUAGE_STANDARD = "gnu++20";
				CLANG_ENABLE_MODULES = YES;
				CLANG_ENABLE_OBJC_ARC = YES;
				CLANG_ENABLE_OBJC_WEAK = YES;
				CLANG_WARN_BLOCK_CAPTURE_AUTORELEASING = YES;
				CLANG_WARN_BOOL_CONVERSION = YES;
				CLANG_WARN_COMMA = YES;
				CLANG_WARN_CONSTANT_CONVERSION = YES;
				CLANG_WARN_DEPRECATED_OBJC_IMPLEMENTATIONS = YES;
				CLANG_WARN_DIRECT_OBJC_ISA_USAGE = YES_ERROR;
				CLANG_WARN_DOCUMENTATION_COMMENTS = YES;
				CLANG_WARN_EMPTY_BODY = YES;
				CLANG_WARN_ENUM_CONVERSION = YES;
				CLANG_WARN_INFINITE_RECURSION = YES;
				CLANG_WARN_INT_CONVERSION = YES;
				CLANG_WARN_NON_LITERAL_NULL_CONVERSION = YES;
				CLANG_WARN_OBJC_IMPLICIT_RETAIN_SELF = YES;
				CLANG_WARN_OBJC_LITERAL_CONVERSION = YES;
				CLANG_WARN_OBJC_ROOT_CLASS = YES_ERROR;
				CLANG_WARN_QUOTED_INCLUDE_IN_FRAMEWORK_HEADER = YES;
				CLANG_WARN_RANGE_LOOP_ANALYSIS = YES;
				CLANG_WARN_STRICT_PROTOTYPES = YES;
				CLANG_WARN_SUSPICIOUS_MOVE = YES;
				CLANG_WARN_UNGUARDED_AVAILABILITY = YES_AGGRESSIVE;
				CLANG_WARN_UNREACHABLE_CODE = YES;
				CLANG_WARN__DUPLICATE_METHOD_MATCH = YES;
				COPY_PHASE_STRIP = NO;
				DEBUG_INFORMATION_FORMAT = dwarf;
				ENABLE_STRICT_OBJC_MSGSEND = YES;
				ENABLE_TESTABILITY = YES;
				ENABLE_USER_SCRIPT_SANDBOXING = YES;
				GCC_C_LANGUAGE_STANDARD = gnu17;
				GCC_DYNAMIC_NO_PIC = NO;
				GCC_NO_COMMON_BLOCKS = YES;
				GCC_OPTIMIZATION_LEVEL = 0;
				GCC_PREPROCESSOR_DEFINITIONS = (
					"DEBUG=1",
					"$(inherited)",
				);
				GCC_WARN_64_TO_32_BIT_CONVERSION = YES;
				GCC_WARN_ABOUT_RETURN_TYPE = YES_ERROR;
				GCC_WARN_UNDECLARED_SELECTOR = YES;
				GCC_WARN_UNINITIALIZED_AUTOS = YES_AGGRESSIVE;
				GCC_WARN_UNUSED_FUNCTION = YES;
				GCC_WARN_UNUSED_VARIABLE = YES;
				IPHONEOS_DEPLOYMENT_TARGET = 17.4;
				LOCALIZATION_PREFERS_STRING_CATALOGS = YES;
				MTL_ENABLE_DEBUG_INFO = INCLUDE_SOURCE;
				MTL_FAST_MATH = YES;
				ONLY_ACTIVE_ARCH = YES;
				SDKROOT = iphoneos;
				SWIFT_ACTIVE_COMPILATION_CONDITIONS = "DEBUG $(inherited)";
				SWIFT_OPTIMIZATION_LEVEL = "-Onone";
			};
			name = Debug;
		};
		01FF38622C4E2EE6004F5F3A /* Release */ = {
			isa = XCBuildConfiguration;
			buildSettings = {
				ALWAYS_SEARCH_USER_PATHS = NO;
				ASSETCATALOG_COMPILER_GENERATE_SWIFT_ASSET_SYMBOL_EXTENSIONS = YES;
				CLANG_ANALYZER_NONNULL = YES;
				CLANG_ANALYZER_NUMBER_OBJECT_CONVERSION = YES_AGGRESSIVE;
				CLANG_CXX_LANGUAGE_STANDARD = "gnu++20";
				CLANG_ENABLE_MODULES = YES;
				CLANG_ENABLE_OBJC_ARC = YES;
				CLANG_ENABLE_OBJC_WEAK = YES;
				CLANG_WARN_BLOCK_CAPTURE_AUTORELEASING = YES;
				CLANG_WARN_BOOL_CONVERSION = YES;
				CLANG_WARN_COMMA = YES;
				CLANG_WARN_CONSTANT_CONVERSION = YES;
				CLANG_WARN_DEPRECATED_OBJC_IMPLEMENTATIONS = YES;
				CLANG_WARN_DIRECT_OBJC_ISA_USAGE = YES_ERROR;
				CLANG_WARN_DOCUMENTATION_COMMENTS = YES;
				CLANG_WARN_EMPTY_BODY = YES;
				CLANG_WARN_ENUM_CONVERSION = YES;
				CLANG_WARN_INFINITE_RECURSION = YES;
				CLANG_WARN_INT_CONVERSION = YES;
				CLANG_WARN_NON_LITERAL_NULL_CONVERSION = YES;
				CLANG_WARN_OBJC_IMPLICIT_RETAIN_SELF = YES;
				CLANG_WARN_OBJC_LITERAL_CONVERSION = YES;
				CLANG_WARN_OBJC_ROOT_CLASS = YES_ERROR;
				CLANG_WARN_QUOTED_INCLUDE_IN_FRAMEWORK_HEADER = YES;
				CLANG_WARN_RANGE_LOOP_ANALYSIS = YES;
				CLANG_WARN_STRICT_PROTOTYPES = YES;
				CLANG_WARN_SUSPICIOUS_MOVE = YES;
				CLANG_WARN_UNGUARDED_AVAILABILITY = YES_AGGRESSIVE;
				CLANG_WARN_UNREACHABLE_CODE = YES;
				CLANG_WARN__DUPLICATE_METHOD_MATCH = YES;
				COPY_PHASE_STRIP = NO;
				DEBUG_INFORMATION_FORMAT = "dwarf-with-dsym";
				ENABLE_NS_ASSERTIONS = NO;
				ENABLE_STRICT_OBJC_MSGSEND = YES;
				ENABLE_USER_SCRIPT_SANDBOXING = YES;
				GCC_C_LANGUAGE_STANDARD = gnu17;
				GCC_NO_COMMON_BLOCKS = YES;
				GCC_WARN_64_TO_32_BIT_CONVERSION = YES;
				GCC_WARN_ABOUT_RETURN_TYPE = YES_ERROR;
				GCC_WARN_UNDECLARED_SELECTOR = YES;
				GCC_WARN_UNINITIALIZED_AUTOS = YES_AGGRESSIVE;
				GCC_WARN_UNUSED_FUNCTION = YES;
				GCC_WARN_UNUSED_VARIABLE = YES;
				IPHONEOS_DEPLOYMENT_TARGET = 17.4;
				LOCALIZATION_PREFERS_STRING_CATALOGS = YES;
				MTL_ENABLE_DEBUG_INFO = NO;
				MTL_FAST_MATH = YES;
				SDKROOT = iphoneos;
				SWIFT_COMPILATION_MODE = wholemodule;
				VALIDATE_PRODUCT = YES;
			};
			name = Release;
		};
		01FF38642C4E2EE6004F5F3A /* Debug */ = {
			isa = XCBuildConfiguration;
			buildSettings = {
				ASSETCATALOG_COMPILER_APPICON_NAME = AppIcon;
				ASSETCATALOG_COMPILER_GLOBAL_ACCENT_COLOR_NAME = AccentColor;
				CODE_SIGN_STYLE = Automatic;
				CURRENT_PROJECT_VERSION = 1;
				DEVELOPMENT_TEAM = 7S6PH8TVFD;
				GENERATE_INFOPLIST_FILE = YES;
				INFOPLIST_FILE = MyPolaroid/Info.plist;
				INFOPLIST_KEY_UIApplicationSupportsIndirectInputEvents = YES;
				INFOPLIST_KEY_UILaunchStoryboardName = LaunchScreen;
				INFOPLIST_KEY_UISupportedInterfaceOrientations = UIInterfaceOrientationPortrait;
				INFOPLIST_KEY_UISupportedInterfaceOrientations_iPad = "UIInterfaceOrientationLandscapeLeft UIInterfaceOrientationLandscapeRight UIInterfaceOrientationPortrait UIInterfaceOrientationPortraitUpsideDown";
				IPHONEOS_DEPLOYMENT_TARGET = 15.0;
				LD_RUNPATH_SEARCH_PATHS = (
					"$(inherited)",
					"@executable_path/Frameworks",
				);
				MARKETING_VERSION = 1.0;
				PRODUCT_BUNDLE_IDENTIFIER = com.seokho.MyPolaroid;
				PRODUCT_NAME = "$(TARGET_NAME)";
				SUPPORTED_PLATFORMS = "iphoneos iphonesimulator";
				SUPPORTS_MACCATALYST = NO;
				SUPPORTS_MAC_DESIGNED_FOR_IPHONE_IPAD = NO;
				SUPPORTS_XR_DESIGNED_FOR_IPHONE_IPAD = NO;
				SWIFT_EMIT_LOC_STRINGS = YES;
				SWIFT_VERSION = 5.0;
				TARGETED_DEVICE_FAMILY = 1;
			};
			name = Debug;
		};
		01FF38652C4E2EE6004F5F3A /* Release */ = {
			isa = XCBuildConfiguration;
			buildSettings = {
				ASSETCATALOG_COMPILER_APPICON_NAME = AppIcon;
				ASSETCATALOG_COMPILER_GLOBAL_ACCENT_COLOR_NAME = AccentColor;
				CODE_SIGN_STYLE = Automatic;
				CURRENT_PROJECT_VERSION = 1;
				DEVELOPMENT_TEAM = 7S6PH8TVFD;
				GENERATE_INFOPLIST_FILE = YES;
				INFOPLIST_FILE = MyPolaroid/Info.plist;
				INFOPLIST_KEY_UIApplicationSupportsIndirectInputEvents = YES;
				INFOPLIST_KEY_UILaunchStoryboardName = LaunchScreen;
				INFOPLIST_KEY_UISupportedInterfaceOrientations = UIInterfaceOrientationPortrait;
				INFOPLIST_KEY_UISupportedInterfaceOrientations_iPad = "UIInterfaceOrientationLandscapeLeft UIInterfaceOrientationLandscapeRight UIInterfaceOrientationPortrait UIInterfaceOrientationPortraitUpsideDown";
				IPHONEOS_DEPLOYMENT_TARGET = 15.0;
				LD_RUNPATH_SEARCH_PATHS = (
					"$(inherited)",
					"@executable_path/Frameworks",
				);
				MARKETING_VERSION = 1.0;
				PRODUCT_BUNDLE_IDENTIFIER = com.seokho.MyPolaroid;
				PRODUCT_NAME = "$(TARGET_NAME)";
				SUPPORTED_PLATFORMS = "iphoneos iphonesimulator";
				SUPPORTS_MACCATALYST = NO;
				SUPPORTS_MAC_DESIGNED_FOR_IPHONE_IPAD = NO;
				SUPPORTS_XR_DESIGNED_FOR_IPHONE_IPAD = NO;
				SWIFT_EMIT_LOC_STRINGS = YES;
				SWIFT_VERSION = 5.0;
				TARGETED_DEVICE_FAMILY = 1;
			};
			name = Release;
		};
/* End XCBuildConfiguration section */

/* Begin XCConfigurationList section */
		01FF384A2C4E2EE4004F5F3A /* Build configuration list for PBXProject "MyPolaroid" */ = {
			isa = XCConfigurationList;
			buildConfigurations = (
				01FF38612C4E2EE6004F5F3A /* Debug */,
				01FF38622C4E2EE6004F5F3A /* Release */,
			);
			defaultConfigurationIsVisible = 0;
			defaultConfigurationName = Release;
		};
		01FF38632C4E2EE6004F5F3A /* Build configuration list for PBXNativeTarget "MyPolaroid" */ = {
			isa = XCConfigurationList;
			buildConfigurations = (
				01FF38642C4E2EE6004F5F3A /* Debug */,
				01FF38652C4E2EE6004F5F3A /* Release */,
			);
			defaultConfigurationIsVisible = 0;
			defaultConfigurationName = Release;
		};
/* End XCConfigurationList section */

/* Begin XCRemoteSwiftPackageReference section */
		0168FD0F2C4E38FB00C17313 /* XCRemoteSwiftPackageReference "SnapKit" */ = {
			isa = XCRemoteSwiftPackageReference;
			repositoryURL = "https://github.com/SnapKit/SnapKit";
			requirement = {
				kind = upToNextMajorVersion;
				minimumVersion = 5.7.1;
			};
		};
		0168FD9A2C510D2700C17313 /* XCRemoteSwiftPackageReference "Alamofire" */ = {
			isa = XCRemoteSwiftPackageReference;
			repositoryURL = "https://github.com/Alamofire/Alamofire.git";
			requirement = {
				kind = upToNextMajorVersion;
				minimumVersion = 5.9.1;
			};
		};
		0168FD9D2C510D3000C17313 /* XCRemoteSwiftPackageReference "Kingfisher" */ = {
			isa = XCRemoteSwiftPackageReference;
			repositoryURL = "https://github.com/onevcat/Kingfisher.git";
			requirement = {
				kind = upToNextMajorVersion;
				minimumVersion = 7.12.0;
			};
		};
		0168FDCE2C52961B00C17313 /* XCRemoteSwiftPackageReference "realm-swift" */ = {
			isa = XCRemoteSwiftPackageReference;
			repositoryURL = "https://github.com/realm/realm-swift.git";
			requirement = {
				branch = master;
				kind = branch;
			};
		};
/* End XCRemoteSwiftPackageReference section */

/* Begin XCSwiftPackageProductDependency section */
		0168FD102C4E38FB00C17313 /* SnapKit */ = {
			isa = XCSwiftPackageProductDependency;
			package = 0168FD0F2C4E38FB00C17313 /* XCRemoteSwiftPackageReference "SnapKit" */;
			productName = SnapKit;
		};
		0168FD9B2C510D2700C17313 /* Alamofire */ = {
			isa = XCSwiftPackageProductDependency;
			package = 0168FD9A2C510D2700C17313 /* XCRemoteSwiftPackageReference "Alamofire" */;
			productName = Alamofire;
		};
		0168FD9E2C510D3000C17313 /* Kingfisher */ = {
			isa = XCSwiftPackageProductDependency;
			package = 0168FD9D2C510D3000C17313 /* XCRemoteSwiftPackageReference "Kingfisher" */;
			productName = Kingfisher;
		};
		0168FDCF2C52961B00C17313 /* RealmSwift */ = {
			isa = XCSwiftPackageProductDependency;
			package = 0168FDCE2C52961B00C17313 /* XCRemoteSwiftPackageReference "realm-swift" */;
			productName = RealmSwift;
		};
/* End XCSwiftPackageProductDependency section */
	};
	rootObject = 01FF38472C4E2EE4004F5F3A /* Project object */;
}
